
Microsoft Visual Studio Solution File, Format Version 12.00
# Visual Studio Version 16
VisualStudioVersion = 16.0.31424.327
MinimumVisualStudioVersion = 10.0.40219.1
Project("{FAE04EC0-301F-11D3-BF4B-00C04F79EFBC}") = "ChampionsLeague", "ChampionsLeague\ChampionsLeague.csproj", "{99A48AD9-C5B5-46C2-9621-2A34775004A5}"
EndProject
Global
	GlobalSection(SolutionConfigurationPlatforms) = preSolution
		Debug|Any CPU = Debug|Any CPU
		Release|Any CPU = Release|Any CPU
	EndGlobalSection
	GlobalSection(ProjectConfigurationPlatforms) = postSolution
		{99A48AD9-C5B5-46C2-9621-2A34775004A5}.Debug|Any CPU.ActiveCfg = Debug|Any CPU
		{99A48AD9-C5B5-46C2-9621-2A34775004A5}.Debug|Any CPU.Build.0 = Debug|Any CPU
		{99A48AD9-C5B5-46C2-9621-2A34775004A5}.Release|Any CPU.ActiveCfg = Release|Any CPU
		{99A48AD9-C5B5-46C2-9621-2A34775004A5}.Release|Any CPU.Build.0 = Release|Any CPU
	EndGlobalSection
	GlobalSection(SolutionProperties) = preSolution
		HideSolutionNode = FALSE
	EndGlobalSection
	GlobalSection(ExtensibilityGlobals) = postSolution
		SolutionGuid = {C04446B4-35FE-453C-AF70-2552CA0DF2EC}
	EndGlobalSection
EndGlobal
